// !$*UTF8*$!
{
	archiveVersion = 1;
	classes = {
	};
	objectVersion = 48;
	objects = {

/* Begin PBXBuildFile section */
		2C058E561F7CAD0E00909F69 /* AppDelegate.swift in Sources */ = {isa = PBXBuildFile; fileRef = 2C058E551F7CAD0E00909F69 /* AppDelegate.swift */; };
		2C058E581F7CAD0E00909F69 /* ViewController.swift in Sources */ = {isa = PBXBuildFile; fileRef = 2C058E571F7CAD0E00909F69 /* ViewController.swift */; };
		2C058E5B1F7CAD0E00909F69 /* Main.storyboard in Resources */ = {isa = PBXBuildFile; fileRef = 2C058E591F7CAD0E00909F69 /* Main.storyboard */; };
		2C058E5D1F7CAD0E00909F69 /* Assets.xcassets in Resources */ = {isa = PBXBuildFile; fileRef = 2C058E5C1F7CAD0E00909F69 /* Assets.xcassets */; };
		2C058E601F7CAD0E00909F69 /* LaunchScreen.storyboard in Resources */ = {isa = PBXBuildFile; fileRef = 2C058E5E1F7CAD0E00909F69 /* LaunchScreen.storyboard */; };
		2C058E6B1F7CAD0F00909F69 /* SizeClassiPhoneTests.swift in Sources */ = {isa = PBXBuildFile; fileRef = 2C058E6A1F7CAD0F00909F69 /* SizeClassiPhoneTests.swift */; };
		2C058E761F7CAD0F00909F69 /* SizeClassiPhoneUITests.swift in Sources */ = {isa = PBXBuildFile; fileRef = 2C058E751F7CAD0F00909F69 /* SizeClassiPhoneUITests.swift */; };
/* End PBXBuildFile section */

/* Begin PBXContainerItemProxy section */
		2C058E671F7CAD0F00909F69 /* PBXContainerItemProxy */ = {
			isa = PBXContainerItemProxy;
			containerPortal = 2C058E4A1F7CAD0E00909F69 /* Project object */;
			proxyType = 1;
			remoteGlobalIDString = 2C058E511F7CAD0E00909F69;
			remoteInfo = SizeClassiPhone;
		};
		2C058E721F7CAD0F00909F69 /* PBXContainerItemProxy */ = {
			isa = PBXContainerItemProxy;
			containerPortal = 2C058E4A1F7CAD0E00909F69 /* Project object */;
			proxyType = 1;
			remoteGlobalIDString = 2C058E511F7CAD0E00909F69;
			remoteInfo = SizeClassiPhone;
		};
/* End PBXContainerItemProxy section */

/* Begin PBXFileReference section */
		2C058E521F7CAD0E00909F69 /* SizeClassiPhone.app */ = {isa = PBXFileReference; explicitFileType = wrapper.application; includeInIndex = 0; path = SizeClassiPhone.app; sourceTree = BUILT_PRODUCTS_DIR; };
		2C058E551F7CAD0E00909F69 /* AppDelegate.swift */ = {isa = PBXFileReference; lastKnownFileType = sourcecode.swift; path = AppDelegate.swift; sourceTree = "<group>"; };
		2C058E571F7CAD0E00909F69 /* ViewController.swift */ = {isa = PBXFileReference; lastKnownFileType = sourcecode.swift; path = ViewController.swift; sourceTree = "<group>"; };
		2C058E5A1F7CAD0E00909F69 /* Base */ = {isa = PBXFileReference; lastKnownFileType = file.storyboard; name = Base; path = Base.lproj/Main.storyboard; sourceTree = "<group>"; };
		2C058E5C1F7CAD0E00909F69 /* Assets.xcassets */ = {isa = PBXFileReference; lastKnownFileType = folder.assetcatalog; path = Assets.xcassets; sourceTree = "<group>"; };
		2C058E5F1F7CAD0E00909F69 /* Base */ = {isa = PBXFileReference; lastKnownFileType = file.storyboard; name = Base; path = Base.lproj/LaunchScreen.storyboard; sourceTree = "<group>"; };
		2C058E611F7CAD0E00909F69 /* Info.plist */ = {isa = PBXFileReference; lastKnownFileType = text.plist.xml; path = Info.plist; sourceTree = "<group>"; };
		2C058E661F7CAD0F00909F69 /* SizeClassiPhoneTests.xctest */ = {isa = PBXFileReference; explicitFileType = wrapper.cfbundle; includeInIndex = 0; path = SizeClassiPhoneTests.xctest; sourceTree = BUILT_PRODUCTS_DIR; };
		2C058E6A1F7CAD0F00909F69 /* SizeClassiPhoneTests.swift */ = {isa = PBXFileReference; lastKnownFileType = sourcecode.swift; path = SizeClassiPhoneTests.swift; sourceTree = "<group>"; };
		2C058E6C1F7CAD0F00909F69 /* Info.plist */ = {isa = PBXFileReference; lastKnownFileType = text.plist.xml; path = Info.plist; sourceTree = "<group>"; };
		2C058E711F7CAD0F00909F69 /* SizeClassiPhoneUITests.xctest */ = {isa = PBXFileReference; explicitFileType = wrapper.cfbundle; includeInIndex = 0; path = SizeClassiPhoneUITests.xctest; sourceTree = BUILT_PRODUCTS_DIR; };
		2C058E751F7CAD0F00909F69 /* SizeClassiPhoneUITests.swift */ = {isa = PBXFileReference; lastKnownFileType = sourcecode.swift; path = SizeClassiPhoneUITests.swift; sourceTree = "<group>"; };
		2C058E771F7CAD0F00909F69 /* Info.plist */ = {isa = PBXFileReference; lastKnownFileType = text.plist.xml; path = Info.plist; sourceTree = "<group>"; };
/* End PBXFileReference section */

/* Begin PBXFrameworksBuildPhase section */
		2C058E4F1F7CAD0E00909F69 /* Frameworks */ = {
			isa = PBXFrameworksBuildPhase;
			buildActionMask = 2147483647;
			files = (
			);
			runOnlyForDeploymentPostprocessing = 0;
		};
		2C058E631F7CAD0F00909F69 /* Frameworks */ = {
			isa = PBXFrameworksBuildPhase;
			buildActionMask = 2147483647;
			files = (
			);
			runOnlyForDeploymentPostprocessing = 0;
		};
		2C058E6E1F7CAD0F00909F69 /* Frameworks */ = {
			isa = PBXFrameworksBuildPhase;
			buildActionMask = 2147483647;
			files = (
			);
			runOnlyForDeploymentPostprocessing = 0;
		};
/* End PBXFrameworksBuildPhase section */

/* Begin PBXGroup section */
		2C058E491F7CAD0E00909F69 = {
			isa = PBXGroup;
			children = (
				2C058E541F7CAD0E00909F69 /* SizeClassiPhone */,
				2C058E691F7CAD0F00909F69 /* SizeClassiPhoneTests */,
				2C058E741F7CAD0F00909F69 /* SizeClassiPhoneUITests */,
				2C058E531F7CAD0E00909F69 /* Products */,
			);
			sourceTree = "<group>";
		};
		2C058E531F7CAD0E00909F69 /* Products */ = {
			isa = PBXGroup;
			children = (
				2C058E521F7CAD0E00909F69 /* SizeClassiPhone.app */,
				2C058E661F7CAD0F00909F69 /* SizeClassiPhoneTests.xctest */,
				2C058E711F7CAD0F00909F69 /* SizeClassiPhoneUITests.xctest */,
			);
			name = Products;
			sourceTree = "<group>";
		};
		2C058E541F7CAD0E00909F69 /* SizeClassiPhone */ = {
			isa = PBXGroup;
			children = (
				2C058E551F7CAD0E00909F69 /* AppDelegate.swift */,
				2C058E571F7CAD0E00909F69 /* ViewController.swift */,
				2C058E591F7CAD0E00909F69 /* Main.storyboard */,
				2C058E5C1F7CAD0E00909F69 /* Assets.xcassets */,
				2C058E5E1F7CAD0E00909F69 /* LaunchScreen.storyboard */,
				2C058E611F7CAD0E00909F69 /* Info.plist */,
			);
			path = SizeClassiPhone;
			sourceTree = "<group>";
		};
		2C058E691F7CAD0F00909F69 /* SizeClassiPhoneTests */ = {
			isa = PBXGroup;
			children = (
				2C058E6A1F7CAD0F00909F69 /* SizeClassiPhoneTests.swift */,
				2C058E6C1F7CAD0F00909F69 /* Info.plist */,
			);
			path = SizeClassiPhoneTests;
			sourceTree = "<group>";
		};
		2C058E741F7CAD0F00909F69 /* SizeClassiPhoneUITests */ = {
			isa = PBXGroup;
			children = (
				2C058E751F7CAD0F00909F69 /* SizeClassiPhoneUITests.swift */,
				2C058E771F7CAD0F00909F69 /* Info.plist */,
			);
			path = SizeClassiPhoneUITests;
			sourceTree = "<group>";
		};
/* End PBXGroup section */

/* Begin PBXNativeTarget section */
		2C058E511F7CAD0E00909F69 /* SizeClassiPhone */ = {
			isa = PBXNativeTarget;
			buildConfigurationList = 2C058E7A1F7CAD0F00909F69 /* Build configuration list for PBXNativeTarget "SizeClassiPhone" */;
			buildPhases = (
				2C058E4E1F7CAD0E00909F69 /* Sources */,
				2C058E4F1F7CAD0E00909F69 /* Frameworks */,
				2C058E501F7CAD0E00909F69 /* Resources */,
			);
			buildRules = (
			);
			dependencies = (
			);
			name = SizeClassiPhone;
			productName = SizeClassiPhone;
			productReference = 2C058E521F7CAD0E00909F69 /* SizeClassiPhone.app */;
			productType = "com.apple.product-type.application";
		};
		2C058E651F7CAD0F00909F69 /* SizeClassiPhoneTests */ = {
			isa = PBXNativeTarget;
			buildConfigurationList = 2C058E7D1F7CAD0F00909F69 /* Build configuration list for PBXNativeTarget "SizeClassiPhoneTests" */;
			buildPhases = (
				2C058E621F7CAD0F00909F69 /* Sources */,
				2C058E631F7CAD0F00909F69 /* Frameworks */,
				2C058E641F7CAD0F00909F69 /* Resources */,
			);
			buildRules = (
			);
			dependencies = (
				2C058E681F7CAD0F00909F69 /* PBXTargetDependency */,
			);
			name = SizeClassiPhoneTests;
			productName = SizeClassiPhoneTests;
			productReference = 2C058E661F7CAD0F00909F69 /* SizeClassiPhoneTests.xctest */;
			productType = "com.apple.product-type.bundle.unit-test";
		};
		2C058E701F7CAD0F00909F69 /* SizeClassiPhoneUITests */ = {
			isa = PBXNativeTarget;
			buildConfigurationList = 2C058E801F7CAD0F00909F69 /* Build configuration list for PBXNativeTarget "SizeClassiPhoneUITests" */;
			buildPhases = (
				2C058E6D1F7CAD0F00909F69 /* Sources */,
				2C058E6E1F7CAD0F00909F69 /* Frameworks */,
				2C058E6F1F7CAD0F00909F69 /* Resources */,
			);
			buildRules = (
			);
			dependencies = (
				2C058E731F7CAD0F00909F69 /* PBXTargetDependency */,
			);
			name = SizeClassiPhoneUITests;
			productName = SizeClassiPhoneUITests;
			productReference = 2C058E711F7CAD0F00909F69 /* SizeClassiPhoneUITests.xctest */;
			productType = "com.apple.product-type.bundle.ui-testing";
		};
/* End PBXNativeTarget section */

/* Begin PBXProject section */
		2C058E4A1F7CAD0E00909F69 /* Project object */ = {
			isa = PBXProject;
			attributes = {
				LastSwiftUpdateCheck = 0900;
				LastUpgradeCheck = 0900;
				ORGANIZATIONNAME = "Aleph-Labs";
				TargetAttributes = {
					2C058E511F7CAD0E00909F69 = {
						CreatedOnToolsVersion = 9.0;
					};
					2C058E651F7CAD0F00909F69 = {
						CreatedOnToolsVersion = 9.0;
						TestTargetID = 2C058E511F7CAD0E00909F69;
					};
					2C058E701F7CAD0F00909F69 = {
						CreatedOnToolsVersion = 9.0;
						TestTargetID = 2C058E511F7CAD0E00909F69;
					};
				};
			};
			buildConfigurationList = 2C058E4D1F7CAD0E00909F69 /* Build configuration list for PBXProject "SizeClassiPhone" */;
			compatibilityVersion = "Xcode 8.0";
			developmentRegion = en;
			hasScannedForEncodings = 0;
			knownRegions = (
				en,
				Base,
			);
			mainGroup = 2C058E491F7CAD0E00909F69;
			productRefGroup = 2C058E531F7CAD0E00909F69 /* Products */;
			projectDirPath = "";
			projectRoot = "";
			targets = (
				2C058E511F7CAD0E00909F69 /* SizeClassiPhone */,
				2C058E651F7CAD0F00909F69 /* SizeClassiPhoneTests */,
				2C058E701F7CAD0F00909F69 /* SizeClassiPhoneUITests */,
			);
		};
/* End PBXProject section */

/* Begin PBXResourcesBuildPhase section */
		2C058E501F7CAD0E00909F69 /* Resources */ = {
			isa = PBXResourcesBuildPhase;
			buildActionMask = 2147483647;
			files = (
				2C058E601F7CAD0E00909F69 /* LaunchScreen.storyboard in Resources */,
				2C058E5D1F7CAD0E00909F69 /* Assets.xcassets in Resources */,
				2C058E5B1F7CAD0E00909F69 /* Main.storyboard in Resources */,
			);
			runOnlyForDeploymentPostprocessing = 0;
		};
		2C058E641F7CAD0F00909F69 /* Resources */ = {
			isa = PBXResourcesBuildPhase;
			buildActionMask = 2147483647;
			files = (
			);
			runOnlyForDeploymentPostprocessing = 0;
		};
		2C058E6F1F7CAD0F00909F69 /* Resources */ = {
			isa = PBXResourcesBuildPhase;
			buildActionMask = 2147483647;
			files = (
			);
			runOnlyForDeploymentPostprocessing = 0;
		};
/* End PBXResourcesBuildPhase section */

/* Begin PBXSourcesBuildPhase section */
		2C058E4E1F7CAD0E00909F69 /* Sources */ = {
			isa = PBXSourcesBuildPhase;
			buildActionMask = 2147483647;
			files = (
				2C058E581F7CAD0E00909F69 /* ViewController.swift in Sources */,
				2C058E561F7CAD0E00909F69 /* AppDelegate.swift in Sources */,
			);
			runOnlyForDeploymentPostprocessing = 0;
		};
		2C058E621F7CAD0F00909F69 /* Sources */ = {
			isa = PBXSourcesBuildPhase;
			buildActionMask = 2147483647;
			files = (
				2C058E6B1F7CAD0F00909F69 /* SizeClassiPhoneTests.swift in Sources */,
			);
			runOnlyForDeploymentPostprocessing = 0;
		};
		2C058E6D1F7CAD0F00909F69 /* Sources */ = {
			isa = PBXSourcesBuildPhase;
			buildActionMask = 2147483647;
			files = (
				2C058E761F7CAD0F00909F69 /* SizeClassiPhoneUITests.swift in Sources */,
			);
			runOnlyForDeploymentPostprocessing = 0;
		};
/* End PBXSourcesBuildPhase section */

/* Begin PBXTargetDependency section */
		2C058E681F7CAD0F00909F69 /* PBXTargetDependency */ = {
			isa = PBXTargetDependency;
			target = 2C058E511F7CAD0E00909F69 /* SizeClassiPhone */;
			targetProxy = 2C058E671F7CAD0F00909F69 /* PBXContainerItemProxy */;
		};
		2C058E731F7CAD0F00909F69 /* PBXTargetDependency */ = {
			isa = PBXTargetDependency;
			target = 2C058E511F7CAD0E00909F69 /* SizeClassiPhone */;
			targetProxy = 2C058E721F7CAD0F00909F69 /* PBXContainerItemProxy */;
		};
/* End PBXTargetDependency section */

/* Begin PBXVariantGroup section */
		2C058E591F7CAD0E00909F69 /* Main.storyboard */ = {
			isa = PBXVariantGroup;
			children = (
				2C058E5A1F7CAD0E00909F69 /* Base */,
			);
			name = Main.storyboard;
			sourceTree = "<group>";
		};
		2C058E5E1F7CAD0E00909F69 /* LaunchScreen.storyboard */ = {
			isa = PBXVariantGroup;
			children = (
				2C058E5F1F7CAD0E00909F69 /* Base */,
			);
			name = LaunchScreen.storyboard;
			sourceTree = "<group>";
		};
/* End PBXVariantGroup section */

/* Begin XCBuildConfiguration section */
		2C058E781F7CAD0F00909F69 /* Debug */ = {
			isa = XCBuildConfiguration;
			buildSettings = {
				ALWAYS_SEARCH_USER_PATHS = NO;
				CLANG_ANALYZER_NONNULL = YES;
				CLANG_ANALYZER_NUMBER_OBJECT_CONVERSION = YES_AGGRESSIVE;
				CLANG_CXX_LANGUAGE_STANDARD = "gnu++14";
				CLANG_CXX_LIBRARY = "libc++";
				CLANG_ENABLE_MODULES = YES;
				CLANG_ENABLE_OBJC_ARC = YES;
				CLANG_WARN_BLOCK_CAPTURE_AUTORELEASING = YES;
				CLANG_WARN_BOOL_CONVERSION = YES;
				CLANG_WARN_COMMA = YES;
				CLANG_WARN_CONSTANT_CONVERSION = YES;
				CLANG_WARN_DIRECT_OBJC_ISA_USAGE = YES_ERROR;
				CLANG_WARN_DOCUMENTATION_COMMENTS = YES;
				CLANG_WARN_EMPTY_BODY = YES;
				CLANG_WARN_ENUM_CONVERSION = YES;
				CLANG_WARN_INFINITE_RECURSION = YES;
				CLANG_WARN_INT_CONVERSION = YES;
				CLANG_WARN_OBJC_ROOT_CLASS = YES_ERROR;
				CLANG_WARN_RANGE_LOOP_ANALYSIS = YES;
				CLANG_WARN_STRICT_PROTOTYPES = YES;
				CLANG_WARN_SUSPICIOUS_MOVE = YES;
				CLANG_WARN_UNGUARDED_AVAILABILITY = YES_AGGRESSIVE;
				CLANG_WARN_UNREACHABLE_CODE = YES;
				CLANG_WARN__DUPLICATE_METHOD_MATCH = YES;
				CODE_SIGN_IDENTITY = "iPhone Developer";
				COPY_PHASE_STRIP = NO;
				DEBUG_INFORMATION_FORMAT = dwarf;
				ENABLE_STRICT_OBJC_MSGSEND = YES;
				ENABLE_TESTABILITY = YES;
				GCC_C_LANGUAGE_STANDARD = gnu11;
				GCC_DYNAMIC_NO_PIC = NO;
				GCC_NO_COMMON_BLOCKS = YES;
				GCC_OPTIMIZATION_LEVEL = 0;
				GCC_PREPROCESSOR_DEFINITIONS = (
					"DEBUG=1",
					"$(inherited)",
				);
				GCC_WARN_64_TO_32_BIT_CONVERSION = YES;
				GCC_WARN_ABOUT_RETURN_TYPE = YES_ERROR;
				GCC_WARN_UNDECLARED_SELECTOR = YES;
				GCC_WARN_UNINITIALIZED_AUTOS = YES_AGGRESSIVE;
				GCC_WARN_UNUSED_FUNCTION = YES;
				GCC_WARN_UNUSED_VARIABLE = YES;
				IPHONEOS_DEPLOYMENT_TARGET = 11.0;
				MTL_ENABLE_DEBUG_INFO = YES;
				ONLY_ACTIVE_ARCH = YES;
				SDKROOT = iphoneos;
				SWIFT_ACTIVE_COMPILATION_CONDITIONS = DEBUG;
				SWIFT_OPTIMIZATION_LEVEL = "-Onone";
			};
			name = Debug;
		};
		2C058E791F7CAD0F00909F69 /* Release */ = {
			isa = XCBuildConfiguration;
			buildSettings = {
				ALWAYS_SEARCH_USER_PATHS = NO;
				CLANG_ANALYZER_NONNULL = YES;
				CLANG_ANALYZER_NUMBER_OBJECT_CONVERSION = YES_AGGRESSIVE;
				CLANG_CXX_LANGUAGE_STANDARD = "gnu++14";
				CLANG_CXX_LIBRARY = "libc++";
				CLANG_ENABLE_MODULES = YES;
				CLANG_ENABLE_OBJC_ARC = YES;
				CLANG_WARN_BLOCK_CAPTURE_AUTORELEASING = YES;
				CLANG_WARN_BOOL_CONVERSION = YES;
				CLANG_WARN_COMMA = YES;
				CLANG_WARN_CONSTANT_CONVERSION = YES;
				CLANG_WARN_DIRECT_OBJC_ISA_USAGE = YES_ERROR;
				CLANG_WARN_DOCUMENTATION_COMMENTS = YES;
				CLANG_WARN_EMPTY_BODY = YES;
				CLANG_WARN_ENUM_CONVERSION = YES;
				CLANG_WARN_INFINITE_RECURSION = YES;
				CLANG_WARN_INT_CONVERSION = YES;
				CLANG_WARN_OBJC_ROOT_CLASS = YES_ERROR;
				CLANG_WARN_RANGE_LOOP_ANALYSIS = YES;
				CLANG_WARN_STRICT_PROTOTYPES = YES;
				CLANG_WARN_SUSPICIOUS_MOVE = YES;
				CLANG_WARN_UNGUARDED_AVAILABILITY = YES_AGGRESSIVE;
				CLANG_WARN_UNREACHABLE_CODE = YES;
				CLANG_WARN__DUPLICATE_METHOD_MATCH = YES;
				CODE_SIGN_IDENTITY = "iPhone Developer";
				COPY_PHASE_STRIP = NO;
				DEBUG_INFORMATION_FORMAT = "dwarf-with-dsym";
				ENABLE_NS_ASSERTIONS = NO;
				ENABLE_STRICT_OBJC_MSGSEND = YES;
				GCC_C_LANGUAGE_STANDARD = gnu11;
				GCC_NO_COMMON_BLOCKS = YES;
				GCC_WARN_64_TO_32_BIT_CONVERSION = YES;
				GCC_WARN_ABOUT_RETURN_TYPE = YES_ERROR;
				GCC_WARN_UNDECLARED_SELECTOR = YES;
				GCC_WARN_UNINITIALIZED_AUTOS = YES_AGGRESSIVE;
				GCC_WARN_UNUSED_FUNCTION = YES;
				GCC_WARN_UNUSED_VARIABLE = YES;
				IPHONEOS_DEPLOYMENT_TARGET = 11.0;
				MTL_ENABLE_DEBUG_INFO = NO;
				SDKROOT = iphoneos;
				SWIFT_OPTIMIZATION_LEVEL = "-Owholemodule";
				VALIDATE_PRODUCT = YES;
			};
			name = Release;
		};
		2C058E7B1F7CAD0F00909F69 /* Debug */ = {
			isa = XCBuildConfiguration;
			buildSettings = {
				ASSETCATALOG_COMPILER_APPICON_NAME = AppIcon;
				DEVELOPMENT_TEAM = J53NLM32CH;
				INFOPLIST_FILE = SizeClassiPhone/Info.plist;
				LD_RUNPATH_SEARCH_PATHS = "$(inherited) @executable_path/Frameworks";
				PRODUCT_BUNDLE_IDENTIFIER = com.aleph.SizeClassiPhone;
				PRODUCT_NAME = "$(TARGET_NAME)";
				SWIFT_VERSION = 4.0;
				TARGETED_DEVICE_FAMILY = "1,2";
			};
			name = Debug;
		};
		2C058E7C1F7CAD0F00909F69 /* Release */ = {
			isa = XCBuildConfiguration;
			buildSettings = {
				ASSETCATALOG_COMPILER_APPICON_NAME = AppIcon;
				DEVELOPMENT_TEAM = J53NLM32CH;
				INFOPLIST_FILE = SizeClassiPhone/Info.plist;
				LD_RUNPATH_SEARCH_PATHS = "$(inherited) @executable_path/Frameworks";
				PRODUCT_BUNDLE_IDENTIFIER = com.aleph.SizeClassiPhone;
				PRODUCT_NAME = "$(TARGET_NAME)";
				SWIFT_VERSION = 4.0;
				TARGETED_DEVICE_FAMILY = "1,2";
			};
			name = Release;
		};
		2C058E7E1F7CAD0F00909F69 /* Debug */ = {
			isa = XCBuildConfiguration;
			buildSettings = {
				ALWAYS_EMBED_SWIFT_STANDARD_LIBRARIES = YES;
				BUNDLE_LOADER = "$(TEST_HOST)";
				DEVELOPMENT_TEAM = J53NLM32CH;
				INFOPLIST_FILE = SizeClassiPhoneTests/Info.plist;
				LD_RUNPATH_SEARCH_PATHS = "$(inherited) @executable_path/Frameworks @loader_path/Frameworks";
				PRODUCT_BUNDLE_IDENTIFIER = com.aleph.SizeClassiPhoneTests;
				PRODUCT_NAME = "$(TARGET_NAME)";
				SWIFT_VERSION = 4.0;
				TARGETED_DEVICE_FAMILY = "1,2";
				TEST_HOST = "$(BUILT_PRODUCTS_DIR)/SizeClassiPhone.app/SizeClassiPhone";
			};
			name = Debug;
		};
		2C058E7F1F7CAD0F00909F69 /* Release */ = {
			isa = XCBuildConfiguration;
			buildSettings = {
				ALWAYS_EMBED_SWIFT_STANDARD_LIBRARIES = YES;
				BUNDLE_LOADER = "$(TEST_HOST)";
				DEVELOPMENT_TEAM = J53NLM32CH;
				INFOPLIST_FILE = SizeClassiPhoneTests/Info.plist;
				LD_RUNPATH_SEARCH_PATHS = "$(inherited) @executable_path/Frameworks @loader_path/Frameworks";
				PRODUCT_BUNDLE_IDENTIFIER = com.aleph.SizeClassiPhoneTests;
				PRODUCT_NAME = "$(TARGET_NAME)";
				SWIFT_VERSION = 4.0;
				TARGETED_DEVICE_FAMILY = "1,2";
				TEST_HOST = "$(BUILT_PRODUCTS_DIR)/SizeClassiPhone.app/SizeClassiPhone";
			};
			name = Release;
		};
		2C058E811F7CAD0F00909F69 /* Debug */ = {
			isa = XCBuildConfiguration;
			buildSettings = {
				ALWAYS_EMBED_SWIFT_STANDARD_LIBRARIES = YES;
				DEVELOPMENT_TEAM = J53NLM32CH;
				INFOPLIST_FILE = SizeClassiPhoneUITests/Info.plist;
				LD_RUNPATH_SEARCH_PATHS = "$(inherited) @executable_path/Frameworks @loader_path/Frameworks";
				PRODUCT_BUNDLE_IDENTIFIER = com.aleph.SizeClassiPhoneUITests;
				PRODUCT_NAME = "$(TARGET_NAME)";
				SWIFT_VERSION = 4.0;
				TARGETED_DEVICE_FAMILY = "1,2";
				TEST_TARGET_NAME = SizeClassiPhone;
			};
			name = Debug;
		};
		2C058E821F7CAD0F00909F69 /* Release */ = {
			isa = XCBuildConfiguration;
			buildSettings = {
				ALWAYS_EMBED_SWIFT_STANDARD_LIBRARIES = YES;
				DEVELOPMENT_TEAM = J53NLM32CH;
				INFOPLIST_FILE = SizeClassiPhoneUITests/Info.plist;
				LD_RUNPATH_SEARCH_PATHS = "$(inherited) @executable_path/Frameworks @loader_path/Frameworks";
				PRODUCT_BUNDLE_IDENTIFIER = com.aleph.SizeClassiPhoneUITests;
				PRODUCT_NAME = "$(TARGET_NAME)";
				SWIFT_VERSION = 4.0;
				TARGETED_DEVICE_FAMILY = "1,2";
				TEST_TARGET_NAME = SizeClassiPhone;
			};
			name = Release;
		};
/* End XCBuildConfiguration section */

/* Begin XCConfigurationList section */
		2C058E4D1F7CAD0E00909F69 /* Build configuration list for PBXProject "SizeClassiPhone" */ = {
			isa = XCConfigurationList;
			buildConfigurations = (
				2C058E781F7CAD0F00909F69 /* Debug */,
				2C058E791F7CAD0F00909F69 /* Release */,
			);
			defaultConfigurationIsVisible = 0;
			defaultConfigurationName = Release;
		};
		2C058E7A1F7CAD0F00909F69 /* Build configuration list for PBXNativeTarget "SizeClassiPhone" */ = {
			isa = XCConfigurationList;
			buildConfigurations = (
				2C058E7B1F7CAD0F00909F69 /* Debug */,
				2C058E7C1F7CAD0F00909F69 /* Release */,
			);
			defaultConfigurationIsVisible = 0;
		};
		2C058E7D1F7CAD0F00909F69 /* Build configuration list for PBXNativeTarget "SizeClassiPhoneTests" */ = {
			isa = XCConfigurationList;
			buildConfigurations = (
				2C058E7E1F7CAD0F00909F69 /* Debug */,
				2C058E7F1F7CAD0F00909F69 /* Release */,
			);
			defaultConfigurationIsVisible = 0;
		};
		2C058E801F7CAD0F00909F69 /* Build configuration list for PBXNativeTarget "SizeClassiPhoneUITests" */ = {
			isa = XCConfigurationList;
			buildConfigurations = (
				2C058E811F7CAD0F00909F69 /* Debug */,
				2C058E821F7CAD0F00909F69 /* Release */,
			);
			defaultConfigurationIsVisible = 0;
		};
/* End XCConfigurationList section */
	};
	rootObject = 2C058E4A1F7CAD0E00909F69 /* Project object */;
}
